// !$*UTF8*$!
{
	archiveVersion = 1;
	classes = {
	};
	objectVersion = 46;
	objects = {

/* Begin PBXBuildFile section */
		62B22A351F0979DA002713B6 /* AppDelegate.swift in Sources */ = {isa = PBXBuildFile; fileRef = 62B22A341F0979DA002713B6 /* AppDelegate.swift */; };
		62B22A3A1F0979DA002713B6 /* Main.storyboard in Resources */ = {isa = PBXBuildFile; fileRef = 62B22A381F0979DA002713B6 /* Main.storyboard */; };
		62B22A3C1F0979DA002713B6 /* Assets.xcassets in Resources */ = {isa = PBXBuildFile; fileRef = 62B22A3B1F0979DA002713B6 /* Assets.xcassets */; };
		62B22A3F1F0979DA002713B6 /* LaunchScreen.storyboard in Resources */ = {isa = PBXBuildFile; fileRef = 62B22A3D1F0979DA002713B6 /* LaunchScreen.storyboard */; };
		62B22A4A1F0979DA002713B6 /* OneSizeTests.swift in Sources */ = {isa = PBXBuildFile; fileRef = 62B22A491F0979DA002713B6 /* OneSizeTests.swift */; };
		62B22A551F0979DA002713B6 /* OneSizeUITests.swift in Sources */ = {isa = PBXBuildFile; fileRef = 62B22A541F0979DA002713B6 /* OneSizeUITests.swift */; };
		62B22A631F099D47002713B6 /* RegisterViewController.swift in Sources */ = {isa = PBXBuildFile; fileRef = 62B22A621F099D47002713B6 /* RegisterViewController.swift */; };
		62B22A651F0AAA8B002713B6 /* LoginViewController.swift in Sources */ = {isa = PBXBuildFile; fileRef = 62B22A641F0AAA8B002713B6 /* LoginViewController.swift */; };
		62B2F5901F0C263400EE021B /* ClothingCategoryViewController.swift in Sources */ = {isa = PBXBuildFile; fileRef = 62B2F58F1F0C263400EE021B /* ClothingCategoryViewController.swift */; };
		62C240DA1F1C4BDA007E9FB3 /* ClothingSelectionViewController.swift in Sources */ = {isa = PBXBuildFile; fileRef = 62C240D91F1C4BDA007E9FB3 /* ClothingSelectionViewController.swift */; };
		D67948131F64E0A10057A867 /* ClothingCell.swift in Sources */ = {isa = PBXBuildFile; fileRef = D67948121F64E0A10057A867 /* ClothingCell.swift */; };
		D6EB2D8E1F46B5DD00DE609F /* ClothingInformationViewController.swift in Sources */ = {isa = PBXBuildFile; fileRef = D6EB2D8D1F46B5DD00DE609F /* ClothingInformationViewController.swift */; };
		EA632E071FCD2833006A7600 /* OneSizeRestApi.swift in Sources */ = {isa = PBXBuildFile; fileRef = EA632E061FCD2833006A7600 /* OneSizeRestApi.swift */; };
		EA632E091FCE47EE006A7600 /* ProfileStore.swift in Sources */ = {isa = PBXBuildFile; fileRef = EA632E081FCE47EE006A7600 /* ProfileStore.swift */; };
		EA632E0B1FCE48AC006A7600 /* Profile.swift in Sources */ = {isa = PBXBuildFile; fileRef = EA632E0A1FCE48AC006A7600 /* Profile.swift */; };
		EA632E0D1FCF8301006A7600 /* RegistrationRequest.swift in Sources */ = {isa = PBXBuildFile; fileRef = EA632E0C1FCF8301006A7600 /* RegistrationRequest.swift */; };
		EA7346351FD4D6F4008DDDF2 /* LoginRequest.swift in Sources */ = {isa = PBXBuildFile; fileRef = EA7346341FD4D6F4008DDDF2 /* LoginRequest.swift */; };
/* End PBXBuildFile section */

/* Begin PBXContainerItemProxy section */
		62B22A461F0979DA002713B6 /* PBXContainerItemProxy */ = {
			isa = PBXContainerItemProxy;
			containerPortal = 62B22A291F0979DA002713B6 /* Project object */;
			proxyType = 1;
			remoteGlobalIDString = 62B22A301F0979DA002713B6;
			remoteInfo = OneSize;
		};
		62B22A511F0979DA002713B6 /* PBXContainerItemProxy */ = {
			isa = PBXContainerItemProxy;
			containerPortal = 62B22A291F0979DA002713B6 /* Project object */;
			proxyType = 1;
			remoteGlobalIDString = 62B22A301F0979DA002713B6;
			remoteInfo = OneSize;
		};
/* End PBXContainerItemProxy section */

/* Begin PBXFileReference section */
		62B22A311F0979DA002713B6 /* OneSize.app */ = {isa = PBXFileReference; explicitFileType = wrapper.application; includeInIndex = 0; path = OneSize.app; sourceTree = BUILT_PRODUCTS_DIR; };
		62B22A341F0979DA002713B6 /* AppDelegate.swift */ = {isa = PBXFileReference; lastKnownFileType = sourcecode.swift; path = AppDelegate.swift; sourceTree = "<group>"; };
		62B22A391F0979DA002713B6 /* Base */ = {isa = PBXFileReference; lastKnownFileType = file.storyboard; name = Base; path = Base.lproj/Main.storyboard; sourceTree = "<group>"; };
		62B22A3B1F0979DA002713B6 /* Assets.xcassets */ = {isa = PBXFileReference; lastKnownFileType = folder.assetcatalog; path = Assets.xcassets; sourceTree = "<group>"; };
		62B22A3E1F0979DA002713B6 /* Base */ = {isa = PBXFileReference; lastKnownFileType = file.storyboard; name = Base; path = Base.lproj/LaunchScreen.storyboard; sourceTree = "<group>"; };
		62B22A401F0979DA002713B6 /* Info.plist */ = {isa = PBXFileReference; lastKnownFileType = text.plist.xml; path = Info.plist; sourceTree = "<group>"; };
		62B22A451F0979DA002713B6 /* OneSizeTests.xctest */ = {isa = PBXFileReference; explicitFileType = wrapper.cfbundle; includeInIndex = 0; path = OneSizeTests.xctest; sourceTree = BUILT_PRODUCTS_DIR; };
		62B22A491F0979DA002713B6 /* OneSizeTests.swift */ = {isa = PBXFileReference; lastKnownFileType = sourcecode.swift; path = OneSizeTests.swift; sourceTree = "<group>"; };
		62B22A4B1F0979DA002713B6 /* Info.plist */ = {isa = PBXFileReference; lastKnownFileType = text.plist.xml; path = Info.plist; sourceTree = "<group>"; };
		62B22A501F0979DA002713B6 /* OneSizeUITests.xctest */ = {isa = PBXFileReference; explicitFileType = wrapper.cfbundle; includeInIndex = 0; path = OneSizeUITests.xctest; sourceTree = BUILT_PRODUCTS_DIR; };
		62B22A541F0979DA002713B6 /* OneSizeUITests.swift */ = {isa = PBXFileReference; lastKnownFileType = sourcecode.swift; path = OneSizeUITests.swift; sourceTree = "<group>"; };
		62B22A561F0979DA002713B6 /* Info.plist */ = {isa = PBXFileReference; lastKnownFileType = text.plist.xml; path = Info.plist; sourceTree = "<group>"; };
		62B22A621F099D47002713B6 /* RegisterViewController.swift */ = {isa = PBXFileReference; fileEncoding = 4; lastKnownFileType = sourcecode.swift; path = RegisterViewController.swift; sourceTree = "<group>"; };
		62B22A641F0AAA8B002713B6 /* LoginViewController.swift */ = {isa = PBXFileReference; fileEncoding = 4; lastKnownFileType = sourcecode.swift; path = LoginViewController.swift; sourceTree = "<group>"; };
		62B2F58F1F0C263400EE021B /* ClothingCategoryViewController.swift */ = {isa = PBXFileReference; fileEncoding = 4; lastKnownFileType = sourcecode.swift; path = ClothingCategoryViewController.swift; sourceTree = "<group>"; };
		62C240D91F1C4BDA007E9FB3 /* ClothingSelectionViewController.swift */ = {isa = PBXFileReference; fileEncoding = 4; lastKnownFileType = sourcecode.swift; path = ClothingSelectionViewController.swift; sourceTree = "<group>"; };
		D67948121F64E0A10057A867 /* ClothingCell.swift */ = {isa = PBXFileReference; fileEncoding = 4; lastKnownFileType = sourcecode.swift; path = ClothingCell.swift; sourceTree = "<group>"; };
		D69E8AD61F9A75D200284340 /* clothesHanger.jpeg */ = {isa = PBXFileReference; lastKnownFileType = image.jpeg; name = clothesHanger.jpeg; path = "../../Desktop/untitled folder/clothesHanger.jpeg"; sourceTree = "<group>"; };
		D6EB2D8D1F46B5DD00DE609F /* ClothingInformationViewController.swift */ = {isa = PBXFileReference; fileEncoding = 4; lastKnownFileType = sourcecode.swift; path = ClothingInformationViewController.swift; sourceTree = "<group>"; };
		EA632E061FCD2833006A7600 /* OneSizeRestApi.swift */ = {isa = PBXFileReference; lastKnownFileType = sourcecode.swift; path = OneSizeRestApi.swift; sourceTree = "<group>"; };
		EA632E081FCE47EE006A7600 /* ProfileStore.swift */ = {isa = PBXFileReference; lastKnownFileType = sourcecode.swift; path = ProfileStore.swift; sourceTree = "<group>"; };
		EA632E0A1FCE48AC006A7600 /* Profile.swift */ = {isa = PBXFileReference; lastKnownFileType = sourcecode.swift; path = Profile.swift; sourceTree = "<group>"; };
		EA632E0C1FCF8301006A7600 /* RegistrationRequest.swift */ = {isa = PBXFileReference; lastKnownFileType = sourcecode.swift; path = RegistrationRequest.swift; sourceTree = "<group>"; };
		EA7346341FD4D6F4008DDDF2 /* LoginRequest.swift */ = {isa = PBXFileReference; lastKnownFileType = sourcecode.swift; path = LoginRequest.swift; sourceTree = "<group>"; };
/* End PBXFileReference section */

/* Begin PBXFrameworksBuildPhase section */
		62B22A2E1F0979DA002713B6 /* Frameworks */ = {
			isa = PBXFrameworksBuildPhase;
			buildActionMask = 2147483647;
			files = (
			);
			runOnlyForDeploymentPostprocessing = 0;
		};
		62B22A421F0979DA002713B6 /* Frameworks */ = {
			isa = PBXFrameworksBuildPhase;
			buildActionMask = 2147483647;
			files = (
			);
			runOnlyForDeploymentPostprocessing = 0;
		};
		62B22A4D1F0979DA002713B6 /* Frameworks */ = {
			isa = PBXFrameworksBuildPhase;
			buildActionMask = 2147483647;
			files = (
			);
			runOnlyForDeploymentPostprocessing = 0;
		};
/* End PBXFrameworksBuildPhase section */

/* Begin PBXGroup section */
		62B22A281F0979DA002713B6 = {
			isa = PBXGroup;
			children = (
				62B22A331F0979DA002713B6 /* OneSize */,
				62B22A481F0979DA002713B6 /* OneSizeTests */,
				62B22A531F0979DA002713B6 /* OneSizeUITests */,
				62B22A321F0979DA002713B6 /* Products */,
				D69E8AD61F9A75D200284340 /* clothesHanger.jpeg */,
			);
			sourceTree = "<group>";
		};
		62B22A321F0979DA002713B6 /* Products */ = {
			isa = PBXGroup;
			children = (
				62B22A311F0979DA002713B6 /* OneSize.app */,
				62B22A451F0979DA002713B6 /* OneSizeTests.xctest */,
				62B22A501F0979DA002713B6 /* OneSizeUITests.xctest */,
			);
			name = Products;
			sourceTree = "<group>";
		};
		62B22A331F0979DA002713B6 /* OneSize */ = {
			isa = PBXGroup;
			children = (
				EA6D64501FEB0518009F5243 /* controllers */,
				62B22A341F0979DA002713B6 /* AppDelegate.swift */,
				62B22A381F0979DA002713B6 /* Main.storyboard */,
				D67948121F64E0A10057A867 /* ClothingCell.swift */,
				62B22A3B1F0979DA002713B6 /* Assets.xcassets */,
				62B22A3D1F0979DA002713B6 /* LaunchScreen.storyboard */,
				62B22A401F0979DA002713B6 /* Info.plist */,
				EA632E061FCD2833006A7600 /* OneSizeRestApi.swift */,
				EA632E081FCE47EE006A7600 /* ProfileStore.swift */,
				EA632E0A1FCE48AC006A7600 /* Profile.swift */,
				EA632E0C1FCF8301006A7600 /* RegistrationRequest.swift */,
				EA7346341FD4D6F4008DDDF2 /* LoginRequest.swift */,
			);
			path = OneSize;
			sourceTree = "<group>";
		};
		62B22A481F0979DA002713B6 /* OneSizeTests */ = {
			isa = PBXGroup;
			children = (
				62B22A491F0979DA002713B6 /* OneSizeTests.swift */,
				62B22A4B1F0979DA002713B6 /* Info.plist */,
			);
			path = OneSizeTests;
			sourceTree = "<group>";
		};
		62B22A531F0979DA002713B6 /* OneSizeUITests */ = {
			isa = PBXGroup;
			children = (
				62B22A541F0979DA002713B6 /* OneSizeUITests.swift */,
				62B22A561F0979DA002713B6 /* Info.plist */,
			);
			path = OneSizeUITests;
			sourceTree = "<group>";
		};
		EA6D64501FEB0518009F5243 /* controllers */ = {
			isa = PBXGroup;
			children = (
				62C240D91F1C4BDA007E9FB3 /* ClothingSelectionViewController.swift */,
				D6EB2D8D1F46B5DD00DE609F /* ClothingInformationViewController.swift */,
				62B2F58F1F0C263400EE021B /* ClothingCategoryViewController.swift */,
				62B22A621F099D47002713B6 /* RegisterViewController.swift */,
				62B22A641F0AAA8B002713B6 /* LoginViewController.swift */,
			);
			path = controllers;
			sourceTree = "<group>";
		};
/* End PBXGroup section */

/* Begin PBXNativeTarget section */
		62B22A301F0979DA002713B6 /* OneSize */ = {
			isa = PBXNativeTarget;
			buildConfigurationList = 62B22A591F0979DA002713B6 /* Build configuration list for PBXNativeTarget "OneSize" */;
			buildPhases = (
				62B22A2D1F0979DA002713B6 /* Sources */,
				62B22A2E1F0979DA002713B6 /* Frameworks */,
				62B22A2F1F0979DA002713B6 /* Resources */,
			);
			buildRules = (
			);
			dependencies = (
			);
			name = OneSize;
			productName = OneSize;
			productReference = 62B22A311F0979DA002713B6 /* OneSize.app */;
			productType = "com.apple.product-type.application";
		};
		62B22A441F0979DA002713B6 /* OneSizeTests */ = {
			isa = PBXNativeTarget;
			buildConfigurationList = 62B22A5C1F0979DA002713B6 /* Build configuration list for PBXNativeTarget "OneSizeTests" */;
			buildPhases = (
				62B22A411F0979DA002713B6 /* Sources */,
				62B22A421F0979DA002713B6 /* Frameworks */,
				62B22A431F0979DA002713B6 /* Resources */,
			);
			buildRules = (
			);
			dependencies = (
				62B22A471F0979DA002713B6 /* PBXTargetDependency */,
			);
			name = OneSizeTests;
			productName = OneSizeTests;
			productReference = 62B22A451F0979DA002713B6 /* OneSizeTests.xctest */;
			productType = "com.apple.product-type.bundle.unit-test";
		};
		62B22A4F1F0979DA002713B6 /* OneSizeUITests */ = {
			isa = PBXNativeTarget;
			buildConfigurationList = 62B22A5F1F0979DA002713B6 /* Build configuration list for PBXNativeTarget "OneSizeUITests" */;
			buildPhases = (
				62B22A4C1F0979DA002713B6 /* Sources */,
				62B22A4D1F0979DA002713B6 /* Frameworks */,
				62B22A4E1F0979DA002713B6 /* Resources */,
			);
			buildRules = (
			);
			dependencies = (
				62B22A521F0979DA002713B6 /* PBXTargetDependency */,
			);
			name = OneSizeUITests;
			productName = OneSizeUITests;
			productReference = 62B22A501F0979DA002713B6 /* OneSizeUITests.xctest */;
			productType = "com.apple.product-type.bundle.ui-testing";
		};
/* End PBXNativeTarget section */

/* Begin PBXProject section */
		62B22A291F0979DA002713B6 /* Project object */ = {
			isa = PBXProject;
			attributes = {
				LastSwiftUpdateCheck = 0830;
				LastUpgradeCheck = 0910;
				ORGANIZATIONNAME = "Code Black Agency";
				TargetAttributes = {
					62B22A301F0979DA002713B6 = {
						CreatedOnToolsVersion = 8.3.1;
						DevelopmentTeam = BPEND54U74;
						LastSwiftMigration = 0910;
						ProvisioningStyle = Automatic;
					};
					62B22A441F0979DA002713B6 = {
						CreatedOnToolsVersion = 8.3.1;
						DevelopmentTeam = 23T96L59D6;
						LastSwiftMigration = 0910;
						ProvisioningStyle = Automatic;
						TestTargetID = 62B22A301F0979DA002713B6;
					};
					62B22A4F1F0979DA002713B6 = {
						CreatedOnToolsVersion = 8.3.1;
						DevelopmentTeam = 23T96L59D6;
						LastSwiftMigration = 0910;
						ProvisioningStyle = Automatic;
						TestTargetID = 62B22A301F0979DA002713B6;
					};
				};
			};
			buildConfigurationList = 62B22A2C1F0979DA002713B6 /* Build configuration list for PBXProject "OneSize" */;
			compatibilityVersion = "Xcode 3.2";
			developmentRegion = English;
			hasScannedForEncodings = 0;
			knownRegions = (
				en,
				Base,
			);
			mainGroup = 62B22A281F0979DA002713B6;
			productRefGroup = 62B22A321F0979DA002713B6 /* Products */;
			projectDirPath = "";
			projectRoot = "";
			targets = (
				62B22A301F0979DA002713B6 /* OneSize */,
				62B22A441F0979DA002713B6 /* OneSizeTests */,
				62B22A4F1F0979DA002713B6 /* OneSizeUITests */,
			);
		};
/* End PBXProject section */

/* Begin PBXResourcesBuildPhase section */
		62B22A2F1F0979DA002713B6 /* Resources */ = {
			isa = PBXResourcesBuildPhase;
			buildActionMask = 2147483647;
			files = (
				62B22A3F1F0979DA002713B6 /* LaunchScreen.storyboard in Resources */,
				62B22A3C1F0979DA002713B6 /* Assets.xcassets in Resources */,
				62B22A3A1F0979DA002713B6 /* Main.storyboard in Resources */,
			);
			runOnlyForDeploymentPostprocessing = 0;
		};
		62B22A431F0979DA002713B6 /* Resources */ = {
			isa = PBXResourcesBuildPhase;
			buildActionMask = 2147483647;
			files = (
			);
			runOnlyForDeploymentPostprocessing = 0;
		};
		62B22A4E1F0979DA002713B6 /* Resources */ = {
			isa = PBXResourcesBuildPhase;
			buildActionMask = 2147483647;
			files = (
			);
			runOnlyForDeploymentPostprocessing = 0;
		};
/* End PBXResourcesBuildPhase section */

/* Begin PBXSourcesBuildPhase section */
		62B22A2D1F0979DA002713B6 /* Sources */ = {
			isa = PBXSourcesBuildPhase;
			buildActionMask = 2147483647;
			files = (
				62B2F5901F0C263400EE021B /* ClothingCategoryViewController.swift in Sources */,
				EA632E0B1FCE48AC006A7600 /* Profile.swift in Sources */,
				62B22A651F0AAA8B002713B6 /* LoginViewController.swift in Sources */,
				EA7346351FD4D6F4008DDDF2 /* LoginRequest.swift in Sources */,
				62C240DA1F1C4BDA007E9FB3 /* ClothingSelectionViewController.swift in Sources */,
				62B22A631F099D47002713B6 /* RegisterViewController.swift in Sources */,
				EA632E071FCD2833006A7600 /* OneSizeRestApi.swift in Sources */,
				EA632E091FCE47EE006A7600 /* ProfileStore.swift in Sources */,
				EA632E0D1FCF8301006A7600 /* RegistrationRequest.swift in Sources */,
				D67948131F64E0A10057A867 /* ClothingCell.swift in Sources */,
				62B22A351F0979DA002713B6 /* AppDelegate.swift in Sources */,
				D6EB2D8E1F46B5DD00DE609F /* ClothingInformationViewController.swift in Sources */,
			);
			runOnlyForDeploymentPostprocessing = 0;
		};
		62B22A411F0979DA002713B6 /* Sources */ = {
			isa = PBXSourcesBuildPhase;
			buildActionMask = 2147483647;
			files = (
				62B22A4A1F0979DA002713B6 /* OneSizeTests.swift in Sources */,
			);
			runOnlyForDeploymentPostprocessing = 0;
		};
		62B22A4C1F0979DA002713B6 /* Sources */ = {
			isa = PBXSourcesBuildPhase;
			buildActionMask = 2147483647;
			files = (
				62B22A551F0979DA002713B6 /* OneSizeUITests.swift in Sources */,
			);
			runOnlyForDeploymentPostprocessing = 0;
		};
/* End PBXSourcesBuildPhase section */

/* Begin PBXTargetDependency section */
		62B22A471F0979DA002713B6 /* PBXTargetDependency */ = {
			isa = PBXTargetDependency;
			target = 62B22A301F0979DA002713B6 /* OneSize */;
			targetProxy = 62B22A461F0979DA002713B6 /* PBXContainerItemProxy */;
		};
		62B22A521F0979DA002713B6 /* PBXTargetDependency */ = {
			isa = PBXTargetDependency;
			target = 62B22A301F0979DA002713B6 /* OneSize */;
			targetProxy = 62B22A511F0979DA002713B6 /* PBXContainerItemProxy */;
		};
/* End PBXTargetDependency section */

/* Begin PBXVariantGroup section */
		62B22A381F0979DA002713B6 /* Main.storyboard */ = {
			isa = PBXVariantGroup;
			children = (
				62B22A391F0979DA002713B6 /* Base */,
			);
			name = Main.storyboard;
			sourceTree = "<group>";
		};
		62B22A3D1F0979DA002713B6 /* LaunchScreen.storyboard */ = {
			isa = PBXVariantGroup;
			children = (
				62B22A3E1F0979DA002713B6 /* Base */,
			);
			name = LaunchScreen.storyboard;
			sourceTree = "<group>";
		};
/* End PBXVariantGroup section */

/* Begin XCBuildConfiguration section */
		62B22A571F0979DA002713B6 /* Debug */ = {
			isa = XCBuildConfiguration;
			buildSettings = {
				ALWAYS_SEARCH_USER_PATHS = NO;
				CLANG_ANALYZER_NONNULL = YES;
				CLANG_ANALYZER_NUMBER_OBJECT_CONVERSION = YES_AGGRESSIVE;
				CLANG_CXX_LANGUAGE_STANDARD = "gnu++0x";
				CLANG_CXX_LIBRARY = "libc++";
				CLANG_ENABLE_MODULES = YES;
				CLANG_ENABLE_OBJC_ARC = YES;
				CLANG_WARN_BLOCK_CAPTURE_AUTORELEASING = YES;
				CLANG_WARN_BOOL_CONVERSION = YES;
				CLANG_WARN_COMMA = YES;
				CLANG_WARN_CONSTANT_CONVERSION = YES;
				CLANG_WARN_DIRECT_OBJC_ISA_USAGE = YES_ERROR;
				CLANG_WARN_DOCUMENTATION_COMMENTS = YES;
				CLANG_WARN_EMPTY_BODY = YES;
				CLANG_WARN_ENUM_CONVERSION = YES;
				CLANG_WARN_INFINITE_RECURSION = YES;
				CLANG_WARN_INT_CONVERSION = YES;
				CLANG_WARN_NON_LITERAL_NULL_CONVERSION = YES;
				CLANG_WARN_OBJC_LITERAL_CONVERSION = YES;
				CLANG_WARN_OBJC_ROOT_CLASS = YES_ERROR;
				CLANG_WARN_RANGE_LOOP_ANALYSIS = YES;
				CLANG_WARN_STRICT_PROTOTYPES = YES;
				CLANG_WARN_SUSPICIOUS_MOVE = YES;
				CLANG_WARN_UNREACHABLE_CODE = YES;
				CLANG_WARN__DUPLICATE_METHOD_MATCH = YES;
				"CODE_SIGN_IDENTITY[sdk=iphoneos*]" = "iPhone Developer";
				COPY_PHASE_STRIP = NO;
				DEBUG_INFORMATION_FORMAT = dwarf;
				ENABLE_STRICT_OBJC_MSGSEND = YES;
				ENABLE_TESTABILITY = YES;
				GCC_C_LANGUAGE_STANDARD = gnu99;
				GCC_DYNAMIC_NO_PIC = NO;
				GCC_NO_COMMON_BLOCKS = YES;
				GCC_OPTIMIZATION_LEVEL = 0;
				GCC_PREPROCESSOR_DEFINITIONS = (
					"DEBUG=1",
					"$(inherited)",
				);
				GCC_WARN_64_TO_32_BIT_CONVERSION = YES;
				GCC_WARN_ABOUT_RETURN_TYPE = YES_ERROR;
				GCC_WARN_UNDECLARED_SELECTOR = YES;
				GCC_WARN_UNINITIALIZED_AUTOS = YES_AGGRESSIVE;
				GCC_WARN_UNUSED_FUNCTION = YES;
				GCC_WARN_UNUSED_VARIABLE = YES;
				IPHONEOS_DEPLOYMENT_TARGET = 10.3;
				MTL_ENABLE_DEBUG_INFO = YES;
				ONLY_ACTIVE_ARCH = YES;
				SDKROOT = iphoneos;
				SWIFT_ACTIVE_COMPILATION_CONDITIONS = DEBUG;
				SWIFT_OPTIMIZATION_LEVEL = "-Onone";
				TARGETED_DEVICE_FAMILY = "1,2";
			};
			name = Debug;
		};
		62B22A581F0979DA002713B6 /* Release */ = {
			isa = XCBuildConfiguration;
			buildSettings = {
				ALWAYS_SEARCH_USER_PATHS = NO;
				CLANG_ANALYZER_NONNULL = YES;
				CLANG_ANALYZER_NUMBER_OBJECT_CONVERSION = YES_AGGRESSIVE;
				CLANG_CXX_LANGUAGE_STANDARD = "gnu++0x";
				CLANG_CXX_LIBRARY = "libc++";
				CLANG_ENABLE_MODULES = YES;
				CLANG_ENABLE_OBJC_ARC = YES;
				CLANG_WARN_BLOCK_CAPTURE_AUTORELEASING = YES;
				CLANG_WARN_BOOL_CONVERSION = YES;
				CLANG_WARN_COMMA = YES;
				CLANG_WARN_CONSTANT_CONVERSION = YES;
				CLANG_WARN_DIRECT_OBJC_ISA_USAGE = YES_ERROR;
				CLANG_WARN_DOCUMENTATION_COMMENTS = YES;
				CLANG_WARN_EMPTY_BODY = YES;
				CLANG_WARN_ENUM_CONVERSION = YES;
				CLANG_WARN_INFINITE_RECURSION = YES;
				CLANG_WARN_INT_CONVERSION = YES;
				CLANG_WARN_NON_LITERAL_NULL_CONVERSION = YES;
				CLANG_WARN_OBJC_LITERAL_CONVERSION = YES;
				CLANG_WARN_OBJC_ROOT_CLASS = YES_ERROR;
				CLANG_WARN_RANGE_LOOP_ANALYSIS = YES;
				CLANG_WARN_STRICT_PROTOTYPES = YES;
				CLANG_WARN_SUSPICIOUS_MOVE = YES;
				CLANG_WARN_UNREACHABLE_CODE = YES;
				CLANG_WARN__DUPLICATE_METHOD_MATCH = YES;
				"CODE_SIGN_IDENTITY[sdk=iphoneos*]" = "iPhone Developer";
				COPY_PHASE_STRIP = NO;
				DEBUG_INFORMATION_FORMAT = "dwarf-with-dsym";
				ENABLE_NS_ASSERTIONS = NO;
				ENABLE_STRICT_OBJC_MSGSEND = YES;
				GCC_C_LANGUAGE_STANDARD = gnu99;
				GCC_NO_COMMON_BLOCKS = YES;
				GCC_WARN_64_TO_32_BIT_CONVERSION = YES;
				GCC_WARN_ABOUT_RETURN_TYPE = YES_ERROR;
				GCC_WARN_UNDECLARED_SELECTOR = YES;
				GCC_WARN_UNINITIALIZED_AUTOS = YES_AGGRESSIVE;
				GCC_WARN_UNUSED_FUNCTION = YES;
				GCC_WARN_UNUSED_VARIABLE = YES;
				IPHONEOS_DEPLOYMENT_TARGET = 10.3;
				MTL_ENABLE_DEBUG_INFO = NO;
				SDKROOT = iphoneos;
				SWIFT_OPTIMIZATION_LEVEL = "-Owholemodule";
				TARGETED_DEVICE_FAMILY = "1,2";
				VALIDATE_PRODUCT = YES;
			};
			name = Release;
		};
		62B22A5A1F0979DA002713B6 /* Debug */ = {
			isa = XCBuildConfiguration;
			buildSettings = {
				ASSETCATALOG_COMPILER_APPICON_NAME = AppIcon;
				DEVELOPMENT_TEAM = BPEND54U74;
				INFOPLIST_FILE = OneSize/Info.plist;
				LD_RUNPATH_SEARCH_PATHS = "$(inherited) @executable_path/Frameworks";
				PRODUCT_BUNDLE_IDENTIFIER = onesize.codeblackagency.com;
				PRODUCT_NAME = "$(TARGET_NAME)";
				SWIFT_SWIFT3_OBJC_INFERENCE = Default;
				SWIFT_VERSION = 4.0;
			};
			name = Debug;
		};
		62B22A5B1F0979DA002713B6 /* Release */ = {
			isa = XCBuildConfiguration;
			buildSettings = {
				ASSETCATALOG_COMPILER_APPICON_NAME = AppIcon;
				DEVELOPMENT_TEAM = BPEND54U74;
				INFOPLIST_FILE = OneSize/Info.plist;
				LD_RUNPATH_SEARCH_PATHS = "$(inherited) @executable_path/Frameworks";
				PRODUCT_BUNDLE_IDENTIFIER = onesize.codeblackagency.com;
				PRODUCT_NAME = "$(TARGET_NAME)";
				SWIFT_SWIFT3_OBJC_INFERENCE = Default;
				SWIFT_VERSION = 4.0;
			};
			name = Release;
		};
		62B22A5D1F0979DA002713B6 /* Debug */ = {
			isa = XCBuildConfiguration;
			buildSettings = {
				ALWAYS_EMBED_SWIFT_STANDARD_LIBRARIES = YES;
				BUNDLE_LOADER = "$(TEST_HOST)";
				DEVELOPMENT_TEAM = 23T96L59D6;
				INFOPLIST_FILE = OneSizeTests/Info.plist;
				LD_RUNPATH_SEARCH_PATHS = "$(inherited) @executable_path/Frameworks @loader_path/Frameworks";
				PRODUCT_BUNDLE_IDENTIFIER = codeblackagency.com.OneSizeTests;
				PRODUCT_NAME = "$(TARGET_NAME)";
				SWIFT_SWIFT3_OBJC_INFERENCE = Default;
				SWIFT_VERSION = 4.0;
				TEST_HOST = "$(BUILT_PRODUCTS_DIR)/OneSize.app/OneSize";
			};
			name = Debug;
		};
		62B22A5E1F0979DA002713B6 /* Release */ = {
			isa = XCBuildConfiguration;
			buildSettings = {
				ALWAYS_EMBED_SWIFT_STANDARD_LIBRARIES = YES;
				BUNDLE_LOADER = "$(TEST_HOST)";
				DEVELOPMENT_TEAM = 23T96L59D6;
				INFOPLIST_FILE = OneSizeTests/Info.plist;
				LD_RUNPATH_SEARCH_PATHS = "$(inherited) @executable_path/Frameworks @loader_path/Frameworks";
				PRODUCT_BUNDLE_IDENTIFIER = codeblackagency.com.OneSizeTests;
				PRODUCT_NAME = "$(TARGET_NAME)";
				SWIFT_SWIFT3_OBJC_INFERENCE = Default;
				SWIFT_VERSION = 4.0;
				TEST_HOST = "$(BUILT_PRODUCTS_DIR)/OneSize.app/OneSize";
			};
			name = Release;
		};
		62B22A601F0979DA002713B6 /* Debug */ = {
			isa = XCBuildConfiguration;
			buildSettings = {
				ALWAYS_EMBED_SWIFT_STANDARD_LIBRARIES = YES;
				DEVELOPMENT_TEAM = 23T96L59D6;
				INFOPLIST_FILE = OneSizeUITests/Info.plist;
				LD_RUNPATH_SEARCH_PATHS = "$(inherited) @executable_path/Frameworks @loader_path/Frameworks";
				PRODUCT_BUNDLE_IDENTIFIER = codeblackagency.com.OneSizeUITests;
				PRODUCT_NAME = "$(TARGET_NAME)";
				SWIFT_SWIFT3_OBJC_INFERENCE = Default;
				SWIFT_VERSION = 4.0;
				TEST_TARGET_NAME = OneSize;
			};
			name = Debug;
		};
		62B22A611F0979DA002713B6 /* Release */ = {
			isa = XCBuildConfiguration;
			buildSettings = {
				ALWAYS_EMBED_SWIFT_STANDARD_LIBRARIES = YES;
				DEVELOPMENT_TEAM = 23T96L59D6;
				INFOPLIST_FILE = OneSizeUITests/Info.plist;
				LD_RUNPATH_SEARCH_PATHS = "$(inherited) @executable_path/Frameworks @loader_path/Frameworks";
				PRODUCT_BUNDLE_IDENTIFIER = codeblackagency.com.OneSizeUITests;
				PRODUCT_NAME = "$(TARGET_NAME)";
				SWIFT_SWIFT3_OBJC_INFERENCE = Default;
				SWIFT_VERSION = 4.0;
				TEST_TARGET_NAME = OneSize;
			};
			name = Release;
		};
/* End XCBuildConfiguration section */

/* Begin XCConfigurationList section */
		62B22A2C1F0979DA002713B6 /* Build configuration list for PBXProject "OneSize" */ = {
			isa = XCConfigurationList;
			buildConfigurations = (
				62B22A571F0979DA002713B6 /* Debug */,
				62B22A581F0979DA002713B6 /* Release */,
			);
			defaultConfigurationIsVisible = 0;
			defaultConfigurationName = Release;
		};
		62B22A591F0979DA002713B6 /* Build configuration list for PBXNativeTarget "OneSize" */ = {
			isa = XCConfigurationList;
			buildConfigurations = (
				62B22A5A1F0979DA002713B6 /* Debug */,
				62B22A5B1F0979DA002713B6 /* Release */,
			);
			defaultConfigurationIsVisible = 0;
			defaultConfigurationName = Release;
		};
		62B22A5C1F0979DA002713B6 /* Build configuration list for PBXNativeTarget "OneSizeTests" */ = {
			isa = XCConfigurationList;
			buildConfigurations = (
				62B22A5D1F0979DA002713B6 /* Debug */,
				62B22A5E1F0979DA002713B6 /* Release */,
			);
			defaultConfigurationIsVisible = 0;
			defaultConfigurationName = Release;
		};
		62B22A5F1F0979DA002713B6 /* Build configuration list for PBXNativeTarget "OneSizeUITests" */ = {
			isa = XCConfigurationList;
			buildConfigurations = (
				62B22A601F0979DA002713B6 /* Debug */,
				62B22A611F0979DA002713B6 /* Release */,
			);
			defaultConfigurationIsVisible = 0;
			defaultConfigurationName = Release;
		};
/* End XCConfigurationList section */
	};
	rootObject = 62B22A291F0979DA002713B6 /* Project object */;
}
